
Microsoft Visual Studio Solution File, Format Version 12.00
# Visual Studio 15
VisualStudioVersion = 15.0.28307.902
MinimumVisualStudioVersion = 10.0.40219.1
Project("{FAE04EC0-301F-11D3-BF4B-00C04F79EFBC}") = "ConsoleApp1", "ConsoleApp1\ConsoleApp1.csproj", "{0AF7D79A-3C07-479F-B0B6-F1F50D693ACA}"
EndProject
Global
	GlobalSection(SolutionConfigurationPlatforms) = preSolution
		Debug|Any CPU = Debug|Any CPU
		Release|Any CPU = Release|Any CPU
	EndGlobalSection
	GlobalSection(ProjectConfigurationPlatforms) = postSolution
		{0AF7D79A-3C07-479F-B0B6-F1F50D693ACA}.Debug|Any CPU.ActiveCfg = Debug|Any CPU
		{0AF7D79A-3C07-479F-B0B6-F1F50D693ACA}.Debug|Any CPU.Build.0 = Debug|Any CPU
		{0AF7D79A-3C07-479F-B0B6-F1F50D693ACA}.Release|Any CPU.ActiveCfg = Release|Any CPU
		{0AF7D79A-3C07-479F-B0B6-F1F50D693ACA}.Release|Any CPU.Build.0 = Release|Any CPU
	EndGlobalSection
	GlobalSection(SolutionProperties) = preSolution
		HideSolutionNode = FALSE
	EndGlobalSection
	GlobalSection(ExtensibilityGlobals) = postSolution
		SolutionGuid = {095ECAAB-035F-42E6-9EB0-3BDE3C280DE9}
	EndGlobalSection
EndGlobal
